Microsoft Visual Studio Solution File, Format Version 11.00
# Visual Studio 2008

Project("{D2F44A5E-EFE6-9C89-25B3-F6AA426F4B3D}") = "Temple Run", "Assembly-CSharp.csproj", "{41B5F438-F90F-8BEC-9873-C1F54BAD1E45}"
EndProject
Global
	GlobalSection(SolutionConfigurationPlatforms) = preSolution
		Debug|Any CPU = Debug|Any CPU
		Release|Any CPU = Release|Any CPU
	EndGlobalSection
	GlobalSection(ProjectConfigurationPlatforms) = postSolution
		{41B5F438-F90F-8BEC-9873-C1F54BAD1E45}.Debug|Any CPU.ActiveCfg = Debug|Any CPU
		{41B5F438-F90F-8BEC-9873-C1F54BAD1E45}.Debug|Any CPU.Build.0 = Debug|Any CPU
		{41B5F438-F90F-8BEC-9873-C1F54BAD1E45}.Release|Any CPU.ActiveCfg = Release|Any CPU
		{41B5F438-F90F-8BEC-9873-C1F54BAD1E45}.Release|Any CPU.Build.0 = Release|Any CPU
	EndGlobalSection
	GlobalSection(SolutionProperties) = preSolution
		HideSolutionNode = FALSE
	EndGlobalSection
	GlobalSection(MonoDevelopProperties) = preSolution
		StartupItem = Assembly-CSharp.csproj
	EndGlobalSection
EndGlobal
